
Microsoft Visual Studio Solution File, Format Version 12.00
Project("{FAE04EC0-301F-11D3-BF4B-00C04F79EFBC}") = "IntegrationOne", "backend\IntegrationOne\IntegrationOne.csproj", "{1A407603-CA28-4AC1-920D-8EF65840FA9B}"
EndProject
Global
	GlobalSection(SolutionConfigurationPlatforms) = preSolution
		Debug|Any CPU = Debug|Any CPU
		Release|Any CPU = Release|Any CPU
	EndGlobalSection
	GlobalSection(ProjectConfigurationPlatforms) = postSolution
		{1A407603-CA28-4AC1-920D-8EF65840FA9B}.Debug|Any CPU.ActiveCfg = Debug|Any CPU
		{1A407603-CA28-4AC1-920D-8EF65840FA9B}.Debug|Any CPU.Build.0 = Debug|Any CPU
		{1A407603-CA28-4AC1-920D-8EF65840FA9B}.Release|Any CPU.ActiveCfg = Release|Any CPU
		{1A407603-CA28-4AC1-920D-8EF65840FA9B}.Release|Any CPU.Build.0 = Release|Any CPU
	EndGlobalSection
EndGlobal
